PODS:
  - FMDB (2.4):
    - FMDB/standard (= 2.4)
  - FMDB/common (2.4)
  - FMDB/standard (2.4):
    - FMDB/common
  - JBChartView (2.8.10)
  - KVOController (1.0.3)

DEPENDENCIES:
  - FMDB
  - JBChartView
  - KVOController

SPEC CHECKSUMS:
  FMDB: d274d9ff773415735022ac57bfba9f6002f9fed8
  JBChartView: 187186c4730d806962da8ba99aa0d03a77aa35f7
  KVOController: 9fd8f0343670994e4b6f9f0b31f5a45663f3e1cf

COCOAPODS: 0.39.0
